// !$*UTF8*$!
{
	archiveVersion = 1;
	classes = {
	};
	objectVersion = 50;
	objects = {

/* Begin PBXBuildFile section */
		34365A522209044C00EA569E /* Main.storyboard in Resources */ = {isa = PBXBuildFile; fileRef = 34365A502209044C00EA569E /* Main.storyboard */; };
		34365A542209045000EA569E /* Assets.xcassets in Resources */ = {isa = PBXBuildFile; fileRef = 34365A532209045000EA569E /* Assets.xcassets */; };
		34365A572209045000EA569E /* LaunchScreen.storyboard in Resources */ = {isa = PBXBuildFile; fileRef = 34365A552209045000EA569E /* LaunchScreen.storyboard */; };
		34365A622209045000EA569E /* flixTests.swift in Sources */ = {isa = PBXBuildFile; fileRef = 34365A612209045000EA569E /* flixTests.swift */; };
		34365A6D2209045000EA569E /* flixUITests.swift in Sources */ = {isa = PBXBuildFile; fileRef = 34365A6C2209045000EA569E /* flixUITests.swift */; };
		34365A7B220A9F5C00EA569E /* MoviesViewController.swift in Sources */ = {isa = PBXBuildFile; fileRef = 34365A7A220A9F5C00EA569E /* MoviesViewController.swift */; };
		34365A7D220A9F8200EA569E /* AppDelegate.swift in Sources */ = {isa = PBXBuildFile; fileRef = 34365A7C220A9F8200EA569E /* AppDelegate.swift */; };
		34365A7F220D4C0F00EA569E /* MovieCell.swift in Sources */ = {isa = PBXBuildFile; fileRef = 34365A7E220D4C0F00EA569E /* MovieCell.swift */; };
		819792D93DB4CFE668B24A5E /* Pods_flixTests.framework in Frameworks */ = {isa = PBXBuildFile; fileRef = 87C3EA8C946A4365909F6B13 /* Pods_flixTests.framework */; };
		85CED4BF5A1455929E934AA0 /* Pods_flixUITests.framework in Frameworks */ = {isa = PBXBuildFile; fileRef = AB11D31CAD243DB6D0CFF6AA /* Pods_flixUITests.framework */; };
		D88B16D9C083EB70F5380203 /* Pods_flix.framework in Frameworks */ = {isa = PBXBuildFile; fileRef = 794288CEB595816233B91638 /* Pods_flix.framework */; };
/* End PBXBuildFile section */

/* Begin PBXContainerItemProxy section */
		34365A5E2209045000EA569E /* PBXContainerItemProxy */ = {
			isa = PBXContainerItemProxy;
			containerPortal = 34365A412209044C00EA569E /* Project object */;
			proxyType = 1;
			remoteGlobalIDString = 34365A482209044C00EA569E;
			remoteInfo = flix;
		};
		34365A692209045000EA569E /* PBXContainerItemProxy */ = {
			isa = PBXContainerItemProxy;
			containerPortal = 34365A412209044C00EA569E /* Project object */;
			proxyType = 1;
			remoteGlobalIDString = 34365A482209044C00EA569E;
			remoteInfo = flix;
		};
/* End PBXContainerItemProxy section */

/* Begin PBXFileReference section */
		03E774A547DB17248C1D8722 /* Pods-flixTests.debug.xcconfig */ = {isa = PBXFileReference; includeInIndex = 1; lastKnownFileType = text.xcconfig; name = "Pods-flixTests.debug.xcconfig"; path = "Pods/Target Support Files/Pods-flixTests/Pods-flixTests.debug.xcconfig"; sourceTree = "<group>"; };
		0E53A3481506780C6D0F4777 /* Pods-flixUITests.debug.xcconfig */ = {isa = PBXFileReference; includeInIndex = 1; lastKnownFileType = text.xcconfig; name = "Pods-flixUITests.debug.xcconfig"; path = "Pods/Target Support Files/Pods-flixUITests/Pods-flixUITests.debug.xcconfig"; sourceTree = "<group>"; };
		1F4425F7EC4D150B84DB690B /* Pods-flixUITests.release.xcconfig */ = {isa = PBXFileReference; includeInIndex = 1; lastKnownFileType = text.xcconfig; name = "Pods-flixUITests.release.xcconfig"; path = "Pods/Target Support Files/Pods-flixUITests/Pods-flixUITests.release.xcconfig"; sourceTree = "<group>"; };
		34365A492209044C00EA569E /* flix.app */ = {isa = PBXFileReference; explicitFileType = wrapper.application; includeInIndex = 0; path = flix.app; sourceTree = BUILT_PRODUCTS_DIR; };
		34365A512209044C00EA569E /* Base */ = {isa = PBXFileReference; lastKnownFileType = file.storyboard; name = Base; path = Base.lproj/Main.storyboard; sourceTree = "<group>"; };
		34365A532209045000EA569E /* Assets.xcassets */ = {isa = PBXFileReference; lastKnownFileType = folder.assetcatalog; path = Assets.xcassets; sourceTree = "<group>"; };
		34365A562209045000EA569E /* Base */ = {isa = PBXFileReference; lastKnownFileType = file.storyboard; name = Base; path = Base.lproj/LaunchScreen.storyboard; sourceTree = "<group>"; };
		34365A582209045000EA569E /* Info.plist */ = {isa = PBXFileReference; lastKnownFileType = text.plist.xml; path = Info.plist; sourceTree = "<group>"; };
		34365A5D2209045000EA569E /* flixTests.xctest */ = {isa = PBXFileReference; explicitFileType = wrapper.cfbundle; includeInIndex = 0; path = flixTests.xctest; sourceTree = BUILT_PRODUCTS_DIR; };
		34365A612209045000EA569E /* flixTests.swift */ = {isa = PBXFileReference; lastKnownFileType = sourcecode.swift; path = flixTests.swift; sourceTree = "<group>"; };
		34365A632209045000EA569E /* Info.plist */ = {isa = PBXFileReference; lastKnownFileType = text.plist.xml; path = Info.plist; sourceTree = "<group>"; };
		34365A682209045000EA569E /* flixUITests.xctest */ = {isa = PBXFileReference; explicitFileType = wrapper.cfbundle; includeInIndex = 0; path = flixUITests.xctest; sourceTree = BUILT_PRODUCTS_DIR; };
		34365A6C2209045000EA569E /* flixUITests.swift */ = {isa = PBXFileReference; lastKnownFileType = sourcecode.swift; path = flixUITests.swift; sourceTree = "<group>"; };
		34365A6E2209045000EA569E /* Info.plist */ = {isa = PBXFileReference; lastKnownFileType = text.plist.xml; path = Info.plist; sourceTree = "<group>"; };
		34365A7A220A9F5C00EA569E /* MoviesViewController.swift */ = {isa = PBXFileReference; lastKnownFileType = sourcecode.swift; path = MoviesViewController.swift; sourceTree = "<group>"; };
		34365A7C220A9F8200EA569E /* AppDelegate.swift */ = {isa = PBXFileReference; fileEncoding = 4; lastKnownFileType = sourcecode.swift; name = AppDelegate.swift; path = ../../../../.Trash/AppDelegate.swift; sourceTree = "<group>"; };
		34365A7E220D4C0F00EA569E /* MovieCell.swift */ = {isa = PBXFileReference; lastKnownFileType = sourcecode.swift; path = MovieCell.swift; sourceTree = "<group>"; };
		546D40C4168707AA2B077AD6 /* Pods-flix.release.xcconfig */ = {isa = PBXFileReference; includeInIndex = 1; lastKnownFileType = text.xcconfig; name = "Pods-flix.release.xcconfig"; path = "Pods/Target Support Files/Pods-flix/Pods-flix.release.xcconfig"; sourceTree = "<group>"; };
		794288CEB595816233B91638 /* Pods_flix.framework */ = {isa = PBXFileReference; explicitFileType = wrapper.framework; includeInIndex = 0; path = Pods_flix.framework; sourceTree = BUILT_PRODUCTS_DIR; };
		87C3EA8C946A4365909F6B13 /* Pods_flixTests.framework */ = {isa = PBXFileReference; explicitFileType = wrapper.framework; includeInIndex = 0; path = Pods_flixTests.framework; sourceTree = BUILT_PRODUCTS_DIR; };
		973083DE9518F7C1CC9B1004 /* Pods-flix.debug.xcconfig */ = {isa = PBXFileReference; includeInIndex = 1; lastKnownFileType = text.xcconfig; name = "Pods-flix.debug.xcconfig"; path = "Pods/Target Support Files/Pods-flix/Pods-flix.debug.xcconfig"; sourceTree = "<group>"; };
		AB11D31CAD243DB6D0CFF6AA /* Pods_flixUITests.framework */ = {isa = PBXFileReference; explicitFileType = wrapper.framework; includeInIndex = 0; path = Pods_flixUITests.framework; sourceTree = BUILT_PRODUCTS_DIR; };
		DB7CD61D9CFEA79FEA0BA0D4 /* Pods-flixTests.release.xcconfig */ = {isa = PBXFileReference; includeInIndex = 1; lastKnownFileType = text.xcconfig; name = "Pods-flixTests.release.xcconfig"; path = "Pods/Target Support Files/Pods-flixTests/Pods-flixTests.release.xcconfig"; sourceTree = "<group>"; };
/* End PBXFileReference section */

/* Begin PBXFrameworksBuildPhase section */
		34365A462209044C00EA569E /* Frameworks */ = {
			isa = PBXFrameworksBuildPhase;
			buildActionMask = 2147483647;
			files = (
				D88B16D9C083EB70F5380203 /* Pods_flix.framework in Frameworks */,
			);
			runOnlyForDeploymentPostprocessing = 0;
		};
		34365A5A2209045000EA569E /* Frameworks */ = {
			isa = PBXFrameworksBuildPhase;
			buildActionMask = 2147483647;
			files = (
				819792D93DB4CFE668B24A5E /* Pods_flixTests.framework in Frameworks */,
			);
			runOnlyForDeploymentPostprocessing = 0;
		};
		34365A652209045000EA569E /* Frameworks */ = {
			isa = PBXFrameworksBuildPhase;
			buildActionMask = 2147483647;
			files = (
				85CED4BF5A1455929E934AA0 /* Pods_flixUITests.framework in Frameworks */,
			);
			runOnlyForDeploymentPostprocessing = 0;
		};
/* End PBXFrameworksBuildPhase section */

/* Begin PBXGroup section */
		34365A402209044C00EA569E = {
			isa = PBXGroup;
			children = (
				34365A4B2209044C00EA569E /* flix */,
				34365A602209045000EA569E /* flixTests */,
				34365A6B2209045000EA569E /* flixUITests */,
				34365A4A2209044C00EA569E /* Products */,
				39748F0C7F075D493A433794 /* Pods */,
				D09226E29EC7E713D30530E9 /* Frameworks */,
			);
			sourceTree = "<group>";
		};
		34365A4A2209044C00EA569E /* Products */ = {
			isa = PBXGroup;
			children = (
				34365A492209044C00EA569E /* flix.app */,
				34365A5D2209045000EA569E /* flixTests.xctest */,
				34365A682209045000EA569E /* flixUITests.xctest */,
			);
			name = Products;
			sourceTree = "<group>";
		};
		34365A4B2209044C00EA569E /* flix */ = {
			isa = PBXGroup;
			children = (
				34365A502209044C00EA569E /* Main.storyboard */,
				34365A7A220A9F5C00EA569E /* MoviesViewController.swift */,
				34365A7E220D4C0F00EA569E /* MovieCell.swift */,
				34365A7C220A9F8200EA569E /* AppDelegate.swift */,
				34365A532209045000EA569E /* Assets.xcassets */,
				34365A552209045000EA569E /* LaunchScreen.storyboard */,
				34365A582209045000EA569E /* Info.plist */,
			);
			path = flix;
			sourceTree = "<group>";
		};
		34365A602209045000EA569E /* flixTests */ = {
			isa = PBXGroup;
			children = (
				34365A612209045000EA569E /* flixTests.swift */,
				34365A632209045000EA569E /* Info.plist */,
			);
			path = flixTests;
			sourceTree = "<group>";
		};
		34365A6B2209045000EA569E /* flixUITests */ = {
			isa = PBXGroup;
			children = (
				34365A6C2209045000EA569E /* flixUITests.swift */,
				34365A6E2209045000EA569E /* Info.plist */,
			);
			path = flixUITests;
			sourceTree = "<group>";
		};
		39748F0C7F075D493A433794 /* Pods */ = {
			isa = PBXGroup;
			children = (
				973083DE9518F7C1CC9B1004 /* Pods-flix.debug.xcconfig */,
				546D40C4168707AA2B077AD6 /* Pods-flix.release.xcconfig */,
				03E774A547DB17248C1D8722 /* Pods-flixTests.debug.xcconfig */,
				DB7CD61D9CFEA79FEA0BA0D4 /* Pods-flixTests.release.xcconfig */,
				0E53A3481506780C6D0F4777 /* Pods-flixUITests.debug.xcconfig */,
				1F4425F7EC4D150B84DB690B /* Pods-flixUITests.release.xcconfig */,
			);
			name = Pods;
			sourceTree = "<group>";
		};
		D09226E29EC7E713D30530E9 /* Frameworks */ = {
			isa = PBXGroup;
			children = (
				794288CEB595816233B91638 /* Pods_flix.framework */,
				87C3EA8C946A4365909F6B13 /* Pods_flixTests.framework */,
				AB11D31CAD243DB6D0CFF6AA /* Pods_flixUITests.framework */,
			);
			name = Frameworks;
			sourceTree = "<group>";
		};
/* End PBXGroup section */

/* Begin PBXNativeTarget section */
		34365A482209044C00EA569E /* flix */ = {
			isa = PBXNativeTarget;
			buildConfigurationList = 34365A712209045000EA569E /* Build configuration list for PBXNativeTarget "flix" */;
			buildPhases = (
				5EB77476FA1467330EE765F4 /* [CP] Check Pods Manifest.lock */,
				34365A452209044C00EA569E /* Sources */,
				34365A462209044C00EA569E /* Frameworks */,
				34365A472209044C00EA569E /* Resources */,
				A1AF9F2352AF8812DCD0D80D /* [CP] Embed Pods Frameworks */,
			);
			buildRules = (
			);
			dependencies = (
			);
			name = flix;
			productName = flix;
			productReference = 34365A492209044C00EA569E /* flix.app */;
			productType = "com.apple.product-type.application";
		};
		34365A5C2209045000EA569E /* flixTests */ = {
			isa = PBXNativeTarget;
			buildConfigurationList = 34365A742209045000EA569E /* Build configuration list for PBXNativeTarget "flixTests" */;
			buildPhases = (
				863D5962A6A97AD072CDD201 /* [CP] Check Pods Manifest.lock */,
				34365A592209045000EA569E /* Sources */,
				34365A5A2209045000EA569E /* Frameworks */,
				34365A5B2209045000EA569E /* Resources */,
			);
			buildRules = (
			);
			dependencies = (
				34365A5F2209045000EA569E /* PBXTargetDependency */,
			);
			name = flixTests;
			productName = flixTests;
			productReference = 34365A5D2209045000EA569E /* flixTests.xctest */;
			productType = "com.apple.product-type.bundle.unit-test";
		};
		34365A672209045000EA569E /* flixUITests */ = {
			isa = PBXNativeTarget;
			buildConfigurationList = 34365A772209045000EA569E /* Build configuration list for PBXNativeTarget "flixUITests" */;
			buildPhases = (
				4AEA529C5FADAC5416D93A02 /* [CP] Check Pods Manifest.lock */,
				34365A642209045000EA569E /* Sources */,
				34365A652209045000EA569E /* Frameworks */,
				34365A662209045000EA569E /* Resources */,
			);
			buildRules = (
			);
			dependencies = (
				34365A6A2209045000EA569E /* PBXTargetDependency */,
			);
			name = flixUITests;
			productName = flixUITests;
			productReference = 34365A682209045000EA569E /* flixUITests.xctest */;
			productType = "com.apple.product-type.bundle.ui-testing";
		};
/* End PBXNativeTarget section */

/* Begin PBXProject section */
		34365A412209044C00EA569E /* Project object */ = {
			isa = PBXProject;
			attributes = {
				LastSwiftUpdateCheck = 1010;
				LastUpgradeCheck = 1010;
				ORGANIZATIONNAME = "Kevin Zhang";
				TargetAttributes = {
					34365A482209044C00EA569E = {
						CreatedOnToolsVersion = 10.1;
					};
					34365A5C2209045000EA569E = {
						CreatedOnToolsVersion = 10.1;
						TestTargetID = 34365A482209044C00EA569E;
					};
					34365A672209045000EA569E = {
						CreatedOnToolsVersion = 10.1;
						TestTargetID = 34365A482209044C00EA569E;
					};
				};
			};
			buildConfigurationList = 34365A442209044C00EA569E /* Build configuration list for PBXProject "flix" */;
			compatibilityVersion = "Xcode 9.3";
			developmentRegion = en;
			hasScannedForEncodings = 0;
			knownRegions = (
				en,
				Base,
			);
			mainGroup = 34365A402209044C00EA569E;
			productRefGroup = 34365A4A2209044C00EA569E /* Products */;
			projectDirPath = "";
			projectRoot = "";
			targets = (
				34365A482209044C00EA569E /* flix */,
				34365A5C2209045000EA569E /* flixTests */,
				34365A672209045000EA569E /* flixUITests */,
			);
		};
/* End PBXProject section */

/* Begin PBXResourcesBuildPhase section */
		34365A472209044C00EA569E /* Resources */ = {
			isa = PBXResourcesBuildPhase;
			buildActionMask = 2147483647;
			files = (
				34365A572209045000EA569E /* LaunchScreen.storyboard in Resources */,
				34365A542209045000EA569E /* Assets.xcassets in Resources */,
				34365A522209044C00EA569E /* Main.storyboard in Resources */,
			);
			runOnlyForDeploymentPostprocessing = 0;
		};
		34365A5B2209045000EA569E /* Resources */ = {
			isa = PBXResourcesBuildPhase;
			buildActionMask = 2147483647;
			files = (
			);
			runOnlyForDeploymentPostprocessing = 0;
		};
		34365A662209045000EA569E /* Resources */ = {
			isa = PBXResourcesBuildPhase;
			buildActionMask = 2147483647;
			files = (
			);
			runOnlyForDeploymentPostprocessing = 0;
		};
/* End PBXResourcesBuildPhase section */

/* Begin PBXShellScriptBuildPhase section */
		4AEA529C5FADAC5416D93A02 /* [CP] Check Pods Manifest.lock */ = {
			isa = PBXShellScriptBuildPhase;
			buildActionMask = 2147483647;
			files = (
			);
			inputFileListPaths = (
			);
			inputPaths = (
				"${PODS_PODFILE_DIR_PATH}/Podfile.lock",
				"${PODS_ROOT}/Manifest.lock",
			);
			name = "[CP] Check Pods Manifest.lock";
			outputFileListPaths = (
			);
			outputPaths = (
				"$(DERIVED_FILE_DIR)/Pods-flixUITests-checkManifestLockResult.txt",
			);
			runOnlyForDeploymentPostprocessing = 0;
			shellPath = /bin/sh;
			shellScript = "diff \"${PODS_PODFILE_DIR_PATH}/Podfile.lock\" \"${PODS_ROOT}/Manifest.lock\" > /dev/null\nif [ $? != 0 ] ; then\n    # print error to STDERR\n    echo \"error: The sandbox is not in sync with the Podfile.lock. Run 'pod install' or update your CocoaPods installation.\" >&2\n    exit 1\nfi\n# This output is used by Xcode 'outputs' to avoid re-running this script phase.\necho \"SUCCESS\" > \"${SCRIPT_OUTPUT_FILE_0}\"\n";
			showEnvVarsInLog = 0;
		};
		5EB77476FA1467330EE765F4 /* [CP] Check Pods Manifest.lock */ = {
			isa = PBXShellScriptBuildPhase;
			buildActionMask = 2147483647;
			files = (
			);
			inputFileListPaths = (
			);
			inputPaths = (
				"${PODS_PODFILE_DIR_PATH}/Podfile.lock",
				"${PODS_ROOT}/Manifest.lock",
			);
			name = "[CP] Check Pods Manifest.lock";
			outputFileListPaths = (
			);
			outputPaths = (
				"$(DERIVED_FILE_DIR)/Pods-flix-checkManifestLockResult.txt",
			);
			runOnlyForDeploymentPostprocessing = 0;
			shellPath = /bin/sh;
			shellScript = "diff \"${PODS_PODFILE_DIR_PATH}/Podfile.lock\" \"${PODS_ROOT}/Manifest.lock\" > /dev/null\nif [ $? != 0 ] ; then\n    # print error to STDERR\n    echo \"error: The sandbox is not in sync with the Podfile.lock. Run 'pod install' or update your CocoaPods installation.\" >&2\n    exit 1\nfi\n# This output is used by Xcode 'outputs' to avoid re-running this script phase.\necho \"SUCCESS\" > \"${SCRIPT_OUTPUT_FILE_0}\"\n";
			showEnvVarsInLog = 0;
		};
		863D5962A6A97AD072CDD201 /* [CP] Check Pods Manifest.lock */ = {
			isa = PBXShellScriptBuildPhase;
			buildActionMask = 2147483647;
			files = (
			);
			inputFileListPaths = (
			);
			inputPaths = (
				"${PODS_PODFILE_DIR_PATH}/Podfile.lock",
				"${PODS_ROOT}/Manifest.lock",
			);
			name = "[CP] Check Pods Manifest.lock";
			outputFileListPaths = (
			);
			outputPaths = (
				"$(DERIVED_FILE_DIR)/Pods-flixTests-checkManifestLockResult.txt",
			);
			runOnlyForDeploymentPostprocessing = 0;
			shellPath = /bin/sh;
			shellScript = "diff \"${PODS_PODFILE_DIR_PATH}/Podfile.lock\" \"${PODS_ROOT}/Manifest.lock\" > /dev/null\nif [ $? != 0 ] ; then\n    # print error to STDERR\n    echo \"error: The sandbox is not in sync with the Podfile.lock. Run 'pod install' or update your CocoaPods installation.\" >&2\n    exit 1\nfi\n# This output is used by Xcode 'outputs' to avoid re-running this script phase.\necho \"SUCCESS\" > \"${SCRIPT_OUTPUT_FILE_0}\"\n";
			showEnvVarsInLog = 0;
		};
		A1AF9F2352AF8812DCD0D80D /* [CP] Embed Pods Frameworks */ = {
			isa = PBXShellScriptBuildPhase;
			buildActionMask = 2147483647;
			files = (
			);
			inputFileListPaths = (
			);
			inputPaths = (
				"${SRCROOT}/Pods/Target Support Files/Pods-flix/Pods-flix-frameworks.sh",
				"${BUILT_PRODUCTS_DIR}/Alamofire/Alamofire.framework",
				"${BUILT_PRODUCTS_DIR}/AlamofireImage/AlamofireImage.framework",
			);
			name = "[CP] Embed Pods Frameworks";
			outputFileListPaths = (
			);
			outputPaths = (
				"${TARGET_BUILD_DIR}/${FRAMEWORKS_FOLDER_PATH}/Alamofire.framework",
				"${TARGET_BUILD_DIR}/${FRAMEWORKS_FOLDER_PATH}/AlamofireImage.framework",
			);
			runOnlyForDeploymentPostprocessing = 0;
			shellPath = /bin/sh;
			shellScript = "\"${SRCROOT}/Pods/Target Support Files/Pods-flix/Pods-flix-frameworks.sh\"\n";
			showEnvVarsInLog = 0;
		};
/* End PBXShellScriptBuildPhase section */

/* Begin PBXSourcesBuildPhase section */
		34365A452209044C00EA569E /* Sources */ = {
			isa = PBXSourcesBuildPhase;
			buildActionMask = 2147483647;
			files = (
				34365A7D220A9F8200EA569E /* AppDelegate.swift in Sources */,
				34365A7B220A9F5C00EA569E /* MoviesViewController.swift in Sources */,
				34365A7F220D4C0F00EA569E /* MovieCell.swift in Sources */,
			);
			runOnlyForDeploymentPostprocessing = 0;
		};
		34365A592209045000EA569E /* Sources */ = {
			isa = PBXSourcesBuildPhase;
			buildActionMask = 2147483647;
			files = (
				34365A622209045000EA569E /* flixTests.swift in Sources */,
			);
			runOnlyForDeploymentPostprocessing = 0;
		};
		34365A642209045000EA569E /* Sources */ = {
			isa = PBXSourcesBuildPhase;
			buildActionMask = 2147483647;
			files = (
				34365A6D2209045000EA569E /* flixUITests.swift in Sources */,
			);
			runOnlyForDeploymentPostprocessing = 0;
		};
/* End PBXSourcesBuildPhase section */

/* Begin PBXTargetDependency section */
		34365A5F2209045000EA569E /* PBXTargetDependency */ = {
			isa = PBXTargetDependency;
			target = 34365A482209044C00EA569E /* flix */;
			targetProxy = 34365A5E2209045000EA569E /* PBXContainerItemProxy */;
		};
		34365A6A2209045000EA569E /* PBXTargetDependency */ = {
			isa = PBXTargetDependency;
			target = 34365A482209044C00EA569E /* flix */;
			targetProxy = 34365A692209045000EA569E /* PBXContainerItemProxy */;
		};
/* End PBXTargetDependency section */

/* Begin PBXVariantGroup section */
		34365A502209044C00EA569E /* Main.storyboard */ = {
			isa = PBXVariantGroup;
			children = (
				34365A512209044C00EA569E /* Base */,
			);
			name = Main.storyboard;
			sourceTree = "<group>";
		};
		34365A552209045000EA569E /* LaunchScreen.storyboard */ = {
			isa = PBXVariantGroup;
			children = (
				34365A562209045000EA569E /* Base */,
			);
			name = LaunchScreen.storyboard;
			sourceTree = "<group>";
		};
/* End PBXVariantGroup section */

/* Begin XCBuildConfiguration section */
		34365A6F2209045000EA569E /* Debug */ = {
			isa = XCBuildConfiguration;
			buildSettings = {
				ALWAYS_SEARCH_USER_PATHS = NO;
				CLANG_ANALYZER_NONNULL = YES;
				CLANG_ANALYZER_NUMBER_OBJECT_CONVERSION = YES_AGGRESSIVE;
				CLANG_CXX_LANGUAGE_STANDARD = "gnu++14";
				CLANG_CXX_LIBRARY = "libc++";
				CLANG_ENABLE_MODULES = YES;
				CLANG_ENABLE_OBJC_ARC = YES;
				CLANG_ENABLE_OBJC_WEAK = YES;
				CLANG_WARN_BLOCK_CAPTURE_AUTORELEASING = YES;
				CLANG_WARN_BOOL_CONVERSION = YES;
				CLANG_WARN_COMMA = YES;
				CLANG_WARN_CONSTANT_CONVERSION = YES;
				CLANG_WARN_DEPRECATED_OBJC_IMPLEMENTATIONS = YES;
				CLANG_WARN_DIRECT_OBJC_ISA_USAGE = YES_ERROR;
				CLANG_WARN_DOCUMENTATION_COMMENTS = YES;
				CLANG_WARN_EMPTY_BODY = YES;
				CLANG_WARN_ENUM_CONVERSION = YES;
				CLANG_WARN_INFINITE_RECURSION = YES;
				CLANG_WARN_INT_CONVERSION = YES;
				CLANG_WARN_NON_LITERAL_NULL_CONVERSION = YES;
				CLANG_WARN_OBJC_IMPLICIT_RETAIN_SELF = YES;
				CLANG_WARN_OBJC_LITERAL_CONVERSION = YES;
				CLANG_WARN_OBJC_ROOT_CLASS = YES_ERROR;
				CLANG_WARN_RANGE_LOOP_ANALYSIS = YES;
				CLANG_WARN_STRICT_PROTOTYPES = YES;
				CLANG_WARN_SUSPICIOUS_MOVE = YES;
				CLANG_WARN_UNGUARDED_AVAILABILITY = YES_AGGRESSIVE;
				CLANG_WARN_UNREACHABLE_CODE = YES;
				CLANG_WARN__DUPLICATE_METHOD_MATCH = YES;
				CODE_SIGN_IDENTITY = "iPhone Developer";
				COPY_PHASE_STRIP = NO;
				DEBUG_INFORMATION_FORMAT = dwarf;
				ENABLE_STRICT_OBJC_MSGSEND = YES;
				ENABLE_TESTABILITY = YES;
				GCC_C_LANGUAGE_STANDARD = gnu11;
				GCC_DYNAMIC_NO_PIC = NO;
				GCC_NO_COMMON_BLOCKS = YES;
				GCC_OPTIMIZATION_LEVEL = 0;
				GCC_PREPROCESSOR_DEFINITIONS = (
					"DEBUG=1",
					"$(inherited)",
				);
				GCC_WARN_64_TO_32_BIT_CONVERSION = YES;
				GCC_WARN_ABOUT_RETURN_TYPE = YES_ERROR;
				GCC_WARN_UNDECLARED_SELECTOR = YES;
				GCC_WARN_UNINITIALIZED_AUTOS = YES_AGGRESSIVE;
				GCC_WARN_UNUSED_FUNCTION = YES;
				GCC_WARN_UNUSED_VARIABLE = YES;
				IPHONEOS_DEPLOYMENT_TARGET = 12.1;
				MTL_ENABLE_DEBUG_INFO = INCLUDE_SOURCE;
				MTL_FAST_MATH = YES;
				ONLY_ACTIVE_ARCH = YES;
				SDKROOT = iphoneos;
				SWIFT_ACTIVE_COMPILATION_CONDITIONS = DEBUG;
				SWIFT_OPTIMIZATION_LEVEL = "-Onone";
			};
			name = Debug;
		};
		34365A702209045000EA569E /* Release */ = {
			isa = XCBuildConfiguration;
			buildSettings = {
				ALWAYS_SEARCH_USER_PATHS = NO;
				CLANG_ANALYZER_NONNULL = YES;
				CLANG_ANALYZER_NUMBER_OBJECT_CONVERSION = YES_AGGRESSIVE;
				CLANG_CXX_LANGUAGE_STANDARD = "gnu++14";
				CLANG_CXX_LIBRARY = "libc++";
				CLANG_ENABLE_MODULES = YES;
				CLANG_ENABLE_OBJC_ARC = YES;
				CLANG_ENABLE_OBJC_WEAK = YES;
				CLANG_WARN_BLOCK_CAPTURE_AUTORELEASING = YES;
				CLANG_WARN_BOOL_CONVERSION = YES;
				CLANG_WARN_COMMA = YES;
				CLANG_WARN_CONSTANT_CONVERSION = YES;
				CLANG_WARN_DEPRECATED_OBJC_IMPLEMENTATIONS = YES;
				CLANG_WARN_DIRECT_OBJC_ISA_USAGE = YES_ERROR;
				CLANG_WARN_DOCUMENTATION_COMMENTS = YES;
				CLANG_WARN_EMPTY_BODY = YES;
				CLANG_WARN_ENUM_CONVERSION = YES;
				CLANG_WARN_INFINITE_RECURSION = YES;
				CLANG_WARN_INT_CONVERSION = YES;
				CLANG_WARN_NON_LITERAL_NULL_CONVERSION = YES;
				CLANG_WARN_OBJC_IMPLICIT_RETAIN_SELF = YES;
				CLANG_WARN_OBJC_LITERAL_CONVERSION = YES;
				CLANG_WARN_OBJC_ROOT_CLASS = YES_ERROR;
				CLANG_WARN_RANGE_LOOP_ANALYSIS = YES;
				CLANG_WARN_STRICT_PROTOTYPES = YES;
				CLANG_WARN_SUSPICIOUS_MOVE = YES;
				CLANG_WARN_UNGUARDED_AVAILABILITY = YES_AGGRESSIVE;
				CLANG_WARN_UNREACHABLE_CODE = YES;
				CLANG_WARN__DUPLICATE_METHOD_MATCH = YES;
				CODE_SIGN_IDENTITY = "iPhone Developer";
				COPY_PHASE_STRIP = NO;
				DEBUG_INFORMATION_FORMAT = "dwarf-with-dsym";
				ENABLE_NS_ASSERTIONS = NO;
				ENABLE_STRICT_OBJC_MSGSEND = YES;
				GCC_C_LANGUAGE_STANDARD = gnu11;
				GCC_NO_COMMON_BLOCKS = YES;
				GCC_WARN_64_TO_32_BIT_CONVERSION = YES;
				GCC_WARN_ABOUT_RETURN_TYPE = YES_ERROR;
				GCC_WARN_UNDECLARED_SELECTOR = YES;
				GCC_WARN_UNINITIALIZED_AUTOS = YES_AGGRESSIVE;
				GCC_WARN_UNUSED_FUNCTION = YES;
				GCC_WARN_UNUSED_VARIABLE = YES;
				IPHONEOS_DEPLOYMENT_TARGET = 12.1;
				MTL_ENABLE_DEBUG_INFO = NO;
				MTL_FAST_MATH = YES;
				SDKROOT = iphoneos;
				SWIFT_COMPILATION_MODE = wholemodule;
				SWIFT_OPTIMIZATION_LEVEL = "-O";
				VALIDATE_PRODUCT = YES;
			};
			name = Release;
		};
		34365A722209045000EA569E /* Debug */ = {
			isa = XCBuildConfiguration;
			baseConfigurationReference = 973083DE9518F7C1CC9B1004 /* Pods-flix.debug.xcconfig */;
			buildSettings = {
				ASSETCATALOG_COMPILER_APPICON_NAME = AppIcon;
				CODE_SIGN_STYLE = Automatic;
				INFOPLIST_FILE = flix/Info.plist;
				LD_RUNPATH_SEARCH_PATHS = (
					"$(inherited)",
					"@executable_path/Frameworks",
				);
				PRODUCT_BUNDLE_IDENTIFIER = codepath.flix;
				PRODUCT_NAME = "$(TARGET_NAME)";
				SWIFT_VERSION = 4.2;
				TARGETED_DEVICE_FAMILY = "1,2";
			};
			name = Debug;
		};
		34365A732209045000EA569E /* Release */ = {
			isa = XCBuildConfiguration;
			baseConfigurationReference = 546D40C4168707AA2B077AD6 /* Pods-flix.release.xcconfig */;
			buildSettings = {
				ASSETCATALOG_COMPILER_APPICON_NAME = AppIcon;
				CODE_SIGN_STYLE = Automatic;
				INFOPLIST_FILE = flix/Info.plist;
				LD_RUNPATH_SEARCH_PATHS = (
					"$(inherited)",
					"@executable_path/Frameworks",
				);
				PRODUCT_BUNDLE_IDENTIFIER = codepath.flix;
				PRODUCT_NAME = "$(TARGET_NAME)";
				SWIFT_VERSION = 4.2;
				TARGETED_DEVICE_FAMILY = "1,2";
			};
			name = Release;
		};
		34365A752209045000EA569E /* Debug */ = {
			isa = XCBuildConfiguration;
			baseConfigurationReference = 03E774A547DB17248C1D8722 /* Pods-flixTests.debug.xcconfig */;
			buildSettings = {
				ALWAYS_EMBED_SWIFT_STANDARD_LIBRARIES = YES;
				BUNDLE_LOADER = "$(TEST_HOST)";
				CODE_SIGN_STYLE = Automatic;
				INFOPLIST_FILE = flixTests/Info.plist;
				LD_RUNPATH_SEARCH_PATHS = (
					"$(inherited)",
					"@executable_path/Frameworks",
					"@loader_path/Frameworks",
				);
				PRODUCT_BUNDLE_IDENTIFIER = codepath.flixTests;
				PRODUCT_NAME = "$(TARGET_NAME)";
				SWIFT_VERSION = 4.2;
				TARGETED_DEVICE_FAMILY = "1,2";
				TEST_HOST = "$(BUILT_PRODUCTS_DIR)/flix.app/flix";
			};
			name = Debug;
		};
		34365A762209045000EA569E /* Release */ = {
			isa = XCBuildConfiguration;
			baseConfigurationReference = DB7CD61D9CFEA79FEA0BA0D4 /* Pods-flixTests.release.xcconfig */;
			buildSettings = {
				ALWAYS_EMBED_SWIFT_STANDARD_LIBRARIES = YES;
				BUNDLE_LOADER = "$(TEST_HOST)";
				CODE_SIGN_STYLE = Automatic;
				INFOPLIST_FILE = flixTests/Info.plist;
				LD_RUNPATH_SEARCH_PATHS = (
					"$(inherited)",
					"@executable_path/Frameworks",
					"@loader_path/Frameworks",
				);
				PRODUCT_BUNDLE_IDENTIFIER = codepath.flixTests;
				PRODUCT_NAME = "$(TARGET_NAME)";
				SWIFT_VERSION = 4.2;
				TARGETED_DEVICE_FAMILY = "1,2";
				TEST_HOST = "$(BUILT_PRODUCTS_DIR)/flix.app/flix";
			};
			name = Release;
		};
		34365A782209045000EA569E /* Debug */ = {
			isa = XCBuildConfiguration;
			baseConfigurationReference = 0E53A3481506780C6D0F4777 /* Pods-flixUITests.debug.xcconfig */;
			buildSettings = {
				ALWAYS_EMBED_SWIFT_STANDARD_LIBRARIES = YES;
				CODE_SIGN_STYLE = Automatic;
				INFOPLIST_FILE = flixUITests/Info.plist;
				LD_RUNPATH_SEARCH_PATHS = (
					"$(inherited)",
					"@executable_path/Frameworks",
					"@loader_path/Frameworks",
				);
				PRODUCT_BUNDLE_IDENTIFIER = codepath.flixUITests;
				PRODUCT_NAME = "$(TARGET_NAME)";
				SWIFT_VERSION = 4.2;
				TARGETED_DEVICE_FAMILY = "1,2";
				TEST_TARGET_NAME = flix;
			};
			name = Debug;
		};
		34365A792209045000EA569E /* Release */ = {
			isa = XCBuildConfiguration;
			baseConfigurationReference = 1F4425F7EC4D150B84DB690B /* Pods-flixUITests.release.xcconfig */;
			buildSettings = {
				ALWAYS_EMBED_SWIFT_STANDARD_LIBRARIES = YES;
				CODE_SIGN_STYLE = Automatic;
				INFOPLIST_FILE = flixUITests/Info.plist;
				LD_RUNPATH_SEARCH_PATHS = (
					"$(inherited)",
					"@executable_path/Frameworks",
					"@loader_path/Frameworks",
				);
				PRODUCT_BUNDLE_IDENTIFIER = codepath.flixUITests;
				PRODUCT_NAME = "$(TARGET_NAME)";
				SWIFT_VERSION = 4.2;
				TARGETED_DEVICE_FAMILY = "1,2";
				TEST_TARGET_NAME = flix;
			};
			name = Release;
		};
/* End XCBuildConfiguration section */

/* Begin XCConfigurationList section */
		34365A442209044C00EA569E /* Build configuration list for PBXProject "flix" */ = {
			isa = XCConfigurationList;
			buildConfigurations = (
				34365A6F2209045000EA569E /* Debug */,
				34365A702209045000EA569E /* Release */,
			);
			defaultConfigurationIsVisible = 0;
			defaultConfigurationName = Release;
		};
		34365A712209045000EA569E /* Build configuration list for PBXNativeTarget "flix" */ = {
			isa = XCConfigurationList;
			buildConfigurations = (
				34365A722209045000EA569E /* Debug */,
				34365A732209045000EA569E /* Release */,
			);
			defaultConfigurationIsVisible = 0;
			defaultConfigurationName = Release;
		};
		34365A742209045000EA569E /* Build configuration list for PBXNativeTarget "flixTests" */ = {
			isa = XCConfigurationList;
			buildConfigurations = (
				34365A752209045000EA569E /* Debug */,
				34365A762209045000EA569E /* Release */,
			);
			defaultConfigurationIsVisible = 0;
			defaultConfigurationName = Release;
		};
		34365A772209045000EA569E /* Build configuration list for PBXNativeTarget "flixUITests" */ = {
			isa = XCConfigurationList;
			buildConfigurations = (
				34365A782209045000EA569E /* Debug */,
				34365A792209045000EA569E /* Release */,
			);
			defaultConfigurationIsVisible = 0;
			defaultConfigurationName = Release;
		};
/* End XCConfigurationList section */
	};
	rootObject = 34365A412209044C00EA569E /* Project object */;
}
